
Microsoft Visual Studio Solution File, Format Version 12.00
# Visual Studio 2013
VisualStudioVersion = 12.0.30501.0
MinimumVisualStudioVersion = 10.0.40219.1
Project("{FAE04EC0-301F-11D3-BF4B-00C04F79EFBC}") = "CShu.Pro.HSDemo", "CShu.Pro.HSDemo\CShu.Pro.HSDemo.csproj", "{3FD385AC-AE95-4204-A7A3-4E75AB7CDDE2}"
EndProject
Project("{FAE04EC0-301F-11D3-BF4B-00C04F79EFBC}") = "CShu.Pro.BLL", "CShu.Pro.BLL\CShu.Pro.BLL.csproj", "{10D45511-2EF4-46B8-B34E-6BA7D687A0F0}"
EndProject
Project("{FAE04EC0-301F-11D3-BF4B-00C04F79EFBC}") = "CShu.Pro.WebApi", "CShu.Pro.WebApi\CShu.Pro.WebApi.csproj", "{51A25AE7-E61E-4013-AEE5-292FE2127BC9}"
EndProject
Global
	GlobalSection(SolutionConfigurationPlatforms) = preSolution
		Debug|Any CPU = Debug|Any CPU
		Release|Any CPU = Release|Any CPU
	EndGlobalSection
	GlobalSection(ProjectConfigurationPlatforms) = postSolution
		{3FD385AC-AE95-4204-A7A3-4E75AB7CDDE2}.Debug|Any CPU.ActiveCfg = Debug|Any CPU
		{3FD385AC-AE95-4204-A7A3-4E75AB7CDDE2}.Debug|Any CPU.Build.0 = Debug|Any CPU
		{3FD385AC-AE95-4204-A7A3-4E75AB7CDDE2}.Release|Any CPU.ActiveCfg = Release|Any CPU
		{3FD385AC-AE95-4204-A7A3-4E75AB7CDDE2}.Release|Any CPU.Build.0 = Release|Any CPU
		{10D45511-2EF4-46B8-B34E-6BA7D687A0F0}.Debug|Any CPU.ActiveCfg = Debug|Any CPU
		{10D45511-2EF4-46B8-B34E-6BA7D687A0F0}.Debug|Any CPU.Build.0 = Debug|Any CPU
		{10D45511-2EF4-46B8-B34E-6BA7D687A0F0}.Release|Any CPU.ActiveCfg = Release|Any CPU
		{10D45511-2EF4-46B8-B34E-6BA7D687A0F0}.Release|Any CPU.Build.0 = Release|Any CPU
		{51A25AE7-E61E-4013-AEE5-292FE2127BC9}.Debug|Any CPU.ActiveCfg = Debug|Any CPU
		{51A25AE7-E61E-4013-AEE5-292FE2127BC9}.Debug|Any CPU.Build.0 = Debug|Any CPU
		{51A25AE7-E61E-4013-AEE5-292FE2127BC9}.Release|Any CPU.ActiveCfg = Release|Any CPU
		{51A25AE7-E61E-4013-AEE5-292FE2127BC9}.Release|Any CPU.Build.0 = Release|Any CPU
	EndGlobalSection
	GlobalSection(SolutionProperties) = preSolution
		HideSolutionNode = FALSE
	EndGlobalSection
EndGlobal
